
Microsoft Visual Studio Solution File, Format Version 12.00
# Visual Studio Version 16
VisualStudioVersion = 16.0.30621.155
MinimumVisualStudioVersion = 10.0.40219.1
Project("{888888A0-9F3D-457C-B088-3A5042F75D52}") = "BeetmannUI", "BeetmannUI.pyproj", "{01179F4A-A798-4987-B575-1B0B810208A8}"
EndProject
Global
	GlobalSection(SolutionConfigurationPlatforms) = preSolution
		Debug|Any CPU = Debug|Any CPU
		Release|Any CPU = Release|Any CPU
	EndGlobalSection
	GlobalSection(ProjectConfigurationPlatforms) = postSolution
		{01179F4A-A798-4987-B575-1B0B810208A8}.Debug|Any CPU.ActiveCfg = Debug|Any CPU
		{01179F4A-A798-4987-B575-1B0B810208A8}.Debug|Any CPU.Build.0 = Debug|Any CPU
		{01179F4A-A798-4987-B575-1B0B810208A8}.Release|Any CPU.ActiveCfg = Release|Any CPU
		{01179F4A-A798-4987-B575-1B0B810208A8}.Release|Any CPU.Build.0 = Release|Any CPU
	EndGlobalSection
	GlobalSection(SolutionProperties) = preSolution
		HideSolutionNode = FALSE
	EndGlobalSection
	GlobalSection(ExtensibilityGlobals) = postSolution
		SolutionGuid = {2D29C5C2-3CBF-417A-BB4D-1798BC3C17BA}
	EndGlobalSection
EndGlobal
